
Microsoft Visual Studio Solution File, Format Version 12.00
# Visual Studio Version 16
VisualStudioVersion = 16.0.31702.278
MinimumVisualStudioVersion = 10.0.40219.1
Project("{FAE04EC0-301F-11D3-BF4B-00C04F79EFBC}") = "A2_POO_Scrabble", "A2_POO_Scrabble\A2_POO_Scrabble.csproj", "{B14B3AE3-69BF-426C-AE8B-ABDAF360D686}"
EndProject
Global
	GlobalSection(SolutionConfigurationPlatforms) = preSolution
		Debug|Any CPU = Debug|Any CPU
		Release|Any CPU = Release|Any CPU
	EndGlobalSection
	GlobalSection(ProjectConfigurationPlatforms) = postSolution
		{B14B3AE3-69BF-426C-AE8B-ABDAF360D686}.Debug|Any CPU.ActiveCfg = Debug|Any CPU
		{B14B3AE3-69BF-426C-AE8B-ABDAF360D686}.Debug|Any CPU.Build.0 = Debug|Any CPU
		{B14B3AE3-69BF-426C-AE8B-ABDAF360D686}.Release|Any CPU.ActiveCfg = Release|Any CPU
		{B14B3AE3-69BF-426C-AE8B-ABDAF360D686}.Release|Any CPU.Build.0 = Release|Any CPU
	EndGlobalSection
	GlobalSection(SolutionProperties) = preSolution
		HideSolutionNode = FALSE
	EndGlobalSection
	GlobalSection(ExtensibilityGlobals) = postSolution
		SolutionGuid = {7A4B7885-8D51-4E5F-9324-36E55DECBEE6}
	EndGlobalSection
EndGlobal
